// !$*UTF8*$!
{
	archiveVersion = 1;
	classes = {
	};
	objectVersion = 50;
	objects = {

/* Begin PBXBuildFile section */
		184CBCD72604570B00CE0252 /* DetailViewController.swift in Sources */ = {isa = PBXBuildFile; fileRef = 184CBCD62604570B00CE0252 /* DetailViewController.swift */; };
		184CBCDB26045BC700CE0252 /* WebKit.framework in Frameworks */ = {isa = PBXBuildFile; fileRef = 184CBCDA26045BC700CE0252 /* WebKit.framework */; };
		18875EF12602FF620008E138 /* VideoTableViewCell.swift in Sources */ = {isa = PBXBuildFile; fileRef = 18875EF02602FF620008E138 /* VideoTableViewCell.swift */; };
		18875EF426030F220008E138 /* CacheManager.swift in Sources */ = {isa = PBXBuildFile; fileRef = 18875EF326030F220008E138 /* CacheManager.swift */; };
		18BCDFE826006CDB007D7145 /* Response.swift in Sources */ = {isa = PBXBuildFile; fileRef = 18BCDFE726006CDB007D7145 /* Response.swift */; };
		18C0616425FF0C6700C6D656 /* AppDelegate.swift in Sources */ = {isa = PBXBuildFile; fileRef = 18C0616325FF0C6700C6D656 /* AppDelegate.swift */; };
		18C0616625FF0C6700C6D656 /* SceneDelegate.swift in Sources */ = {isa = PBXBuildFile; fileRef = 18C0616525FF0C6700C6D656 /* SceneDelegate.swift */; };
		18C0616825FF0C6700C6D656 /* ViewController.swift in Sources */ = {isa = PBXBuildFile; fileRef = 18C0616725FF0C6700C6D656 /* ViewController.swift */; };
		18C0616B25FF0C6700C6D656 /* Main.storyboard in Resources */ = {isa = PBXBuildFile; fileRef = 18C0616925FF0C6700C6D656 /* Main.storyboard */; };
		18C0616D25FF0C6A00C6D656 /* Assets.xcassets in Resources */ = {isa = PBXBuildFile; fileRef = 18C0616C25FF0C6A00C6D656 /* Assets.xcassets */; };
		18C0617025FF0C6A00C6D656 /* LaunchScreen.storyboard in Resources */ = {isa = PBXBuildFile; fileRef = 18C0616E25FF0C6A00C6D656 /* LaunchScreen.storyboard */; };
		18C0617C25FF11B100C6D656 /* Video.swift in Sources */ = {isa = PBXBuildFile; fileRef = 18C0617B25FF11B100C6D656 /* Video.swift */; };
		18C0617F25FF12D800C6D656 /* Model.swift in Sources */ = {isa = PBXBuildFile; fileRef = 18C0617E25FF12D800C6D656 /* Model.swift */; };
		CECE5EC826047BF600BD9C4C /* Constants.swift in Sources */ = {isa = PBXBuildFile; fileRef = CECE5EC726047BF600BD9C4C /* Constants.swift */; };
/* End PBXBuildFile section */

/* Begin PBXFileReference section */
		184CBCD62604570B00CE0252 /* DetailViewController.swift */ = {isa = PBXFileReference; lastKnownFileType = sourcecode.swift; path = DetailViewController.swift; sourceTree = "<group>"; };
		184CBCDA26045BC700CE0252 /* WebKit.framework */ = {isa = PBXFileReference; lastKnownFileType = wrapper.framework; name = WebKit.framework; path = System/Library/Frameworks/WebKit.framework; sourceTree = SDKROOT; };
		18875EF02602FF620008E138 /* VideoTableViewCell.swift */ = {isa = PBXFileReference; lastKnownFileType = sourcecode.swift; path = VideoTableViewCell.swift; sourceTree = "<group>"; };
		18875EF326030F220008E138 /* CacheManager.swift */ = {isa = PBXFileReference; lastKnownFileType = sourcecode.swift; path = CacheManager.swift; sourceTree = "<group>"; };
		18BCDFE726006CDB007D7145 /* Response.swift */ = {isa = PBXFileReference; lastKnownFileType = sourcecode.swift; path = Response.swift; sourceTree = "<group>"; };
		18C0616025FF0C6700C6D656 /* Youtube Clone.app */ = {isa = PBXFileReference; explicitFileType = wrapper.application; includeInIndex = 0; path = "Youtube Clone.app"; sourceTree = BUILT_PRODUCTS_DIR; };
		18C0616325FF0C6700C6D656 /* AppDelegate.swift */ = {isa = PBXFileReference; lastKnownFileType = sourcecode.swift; path = AppDelegate.swift; sourceTree = "<group>"; };
		18C0616525FF0C6700C6D656 /* SceneDelegate.swift */ = {isa = PBXFileReference; lastKnownFileType = sourcecode.swift; path = SceneDelegate.swift; sourceTree = "<group>"; };
		18C0616725FF0C6700C6D656 /* ViewController.swift */ = {isa = PBXFileReference; lastKnownFileType = sourcecode.swift; path = ViewController.swift; sourceTree = "<group>"; };
		18C0616A25FF0C6700C6D656 /* Base */ = {isa = PBXFileReference; lastKnownFileType = file.storyboard; name = Base; path = Base.lproj/Main.storyboard; sourceTree = "<group>"; };
		18C0616C25FF0C6A00C6D656 /* Assets.xcassets */ = {isa = PBXFileReference; lastKnownFileType = folder.assetcatalog; path = Assets.xcassets; sourceTree = "<group>"; };
		18C0616F25FF0C6A00C6D656 /* Base */ = {isa = PBXFileReference; lastKnownFileType = file.storyboard; name = Base; path = Base.lproj/LaunchScreen.storyboard; sourceTree = "<group>"; };
		18C0617125FF0C6A00C6D656 /* Info.plist */ = {isa = PBXFileReference; lastKnownFileType = text.plist.xml; path = Info.plist; sourceTree = "<group>"; };
		18C0617B25FF11B100C6D656 /* Video.swift */ = {isa = PBXFileReference; lastKnownFileType = sourcecode.swift; path = Video.swift; sourceTree = "<group>"; };
		18C0617E25FF12D800C6D656 /* Model.swift */ = {isa = PBXFileReference; lastKnownFileType = sourcecode.swift; path = Model.swift; sourceTree = "<group>"; };
		CECE5EC726047BF600BD9C4C /* Constants.swift */ = {isa = PBXFileReference; lastKnownFileType = sourcecode.swift; path = Constants.swift; sourceTree = "<group>"; };
/* End PBXFileReference section */

/* Begin PBXFrameworksBuildPhase section */
		18C0615D25FF0C6700C6D656 /* Frameworks */ = {
			isa = PBXFrameworksBuildPhase;
			buildActionMask = 2147483647;
			files = (
				184CBCDB26045BC700CE0252 /* WebKit.framework in Frameworks */,
			);
			runOnlyForDeploymentPostprocessing = 0;
		};
/* End PBXFrameworksBuildPhase section */

/* Begin PBXGroup section */
		184CBCD926045BC700CE0252 /* Frameworks */ = {
			isa = PBXGroup;
			children = (
				184CBCDA26045BC700CE0252 /* WebKit.framework */,
			);
			name = Frameworks;
			sourceTree = "<group>";
		};
		18875EEB2602FB1B0008E138 /* ViewControllers */ = {
			isa = PBXGroup;
			children = (
				18C0616725FF0C6700C6D656 /* ViewController.swift */,
				184CBCD62604570B00CE0252 /* DetailViewController.swift */,
			);
			path = ViewControllers;
			sourceTree = "<group>";
		};
		18875EEC2602FB360008E138 /* Views */ = {
			isa = PBXGroup;
			children = (
				18875EF02602FF620008E138 /* VideoTableViewCell.swift */,
			);
			path = Views;
			sourceTree = "<group>";
		};
		18875EED2602FB3E0008E138 /* Models */ = {
			isa = PBXGroup;
			children = (
				18C0617B25FF11B100C6D656 /* Video.swift */,
				18C0617E25FF12D800C6D656 /* Model.swift */,
				18BCDFE726006CDB007D7145 /* Response.swift */,
			);
			path = Models;
			sourceTree = "<group>";
		};
		18875EEE2602FB700008E138 /* Storyboards */ = {
			isa = PBXGroup;
			children = (
				18C0616925FF0C6700C6D656 /* Main.storyboard */,
				18C0616E25FF0C6A00C6D656 /* LaunchScreen.storyboard */,
			);
			path = Storyboards;
			sourceTree = "<group>";
		};
		18875EEF2602FB950008E138 /* Helpers */ = {
			isa = PBXGroup;
			children = (
				18875EF326030F220008E138 /* CacheManager.swift */,
				CECE5EC726047BF600BD9C4C /* Constants.swift */,
			);
			path = Helpers;
			sourceTree = "<group>";
		};
		18C0615725FF0C6700C6D656 = {
			isa = PBXGroup;
			children = (
				18C0616225FF0C6700C6D656 /* Youtube Clone */,
				18C0616125FF0C6700C6D656 /* Products */,
				184CBCD926045BC700CE0252 /* Frameworks */,
			);
			sourceTree = "<group>";
		};
		18C0616125FF0C6700C6D656 /* Products */ = {
			isa = PBXGroup;
			children = (
				18C0616025FF0C6700C6D656 /* Youtube Clone.app */,
			);
			name = Products;
			sourceTree = "<group>";
		};
		18C0616225FF0C6700C6D656 /* Youtube Clone */ = {
			isa = PBXGroup;
			children = (
				18C0616325FF0C6700C6D656 /* AppDelegate.swift */,
				18C0616525FF0C6700C6D656 /* SceneDelegate.swift */,
				18875EEF2602FB950008E138 /* Helpers */,
				18875EEE2602FB700008E138 /* Storyboards */,
				18875EED2602FB3E0008E138 /* Models */,
				18875EEC2602FB360008E138 /* Views */,
				18875EEB2602FB1B0008E138 /* ViewControllers */,
				18C0616C25FF0C6A00C6D656 /* Assets.xcassets */,
				18C0617125FF0C6A00C6D656 /* Info.plist */,
			);
			path = "Youtube Clone";
			sourceTree = "<group>";
		};
/* End PBXGroup section */

/* Begin PBXNativeTarget section */
		18C0615F25FF0C6700C6D656 /* Youtube Clone */ = {
			isa = PBXNativeTarget;
			buildConfigurationList = 18C0617425FF0C6A00C6D656 /* Build configuration list for PBXNativeTarget "Youtube Clone" */;
			buildPhases = (
				18C0615C25FF0C6700C6D656 /* Sources */,
				18C0615D25FF0C6700C6D656 /* Frameworks */,
				18C0615E25FF0C6700C6D656 /* Resources */,
			);
			buildRules = (
			);
			dependencies = (
			);
			name = "Youtube Clone";
			productName = "Youtube Clone";
			productReference = 18C0616025FF0C6700C6D656 /* Youtube Clone.app */;
			productType = "com.apple.product-type.application";
		};
/* End PBXNativeTarget section */

/* Begin PBXProject section */
		18C0615825FF0C6700C6D656 /* Project object */ = {
			isa = PBXProject;
			attributes = {
				LastSwiftUpdateCheck = 1210;
				LastUpgradeCheck = 1210;
				TargetAttributes = {
					18C0615F25FF0C6700C6D656 = {
						CreatedOnToolsVersion = 12.1;
					};
				};
			};
			buildConfigurationList = 18C0615B25FF0C6700C6D656 /* Build configuration list for PBXProject "Youtube Clone" */;
			compatibilityVersion = "Xcode 9.3";
			developmentRegion = en;
			hasScannedForEncodings = 0;
			knownRegions = (
				en,
				Base,
			);
			mainGroup = 18C0615725FF0C6700C6D656;
			productRefGroup = 18C0616125FF0C6700C6D656 /* Products */;
			projectDirPath = "";
			projectRoot = "";
			targets = (
				18C0615F25FF0C6700C6D656 /* Youtube Clone */,
			);
		};
/* End PBXProject section */

/* Begin PBXResourcesBuildPhase section */
		18C0615E25FF0C6700C6D656 /* Resources */ = {
			isa = PBXResourcesBuildPhase;
			buildActionMask = 2147483647;
			files = (
				18C0617025FF0C6A00C6D656 /* LaunchScreen.storyboard in Resources */,
				18C0616D25FF0C6A00C6D656 /* Assets.xcassets in Resources */,
				18C0616B25FF0C6700C6D656 /* Main.storyboard in Resources */,
			);
			runOnlyForDeploymentPostprocessing = 0;
		};
/* End PBXResourcesBuildPhase section */

/* Begin PBXSourcesBuildPhase section */
		18C0615C25FF0C6700C6D656 /* Sources */ = {
			isa = PBXSourcesBuildPhase;
			buildActionMask = 2147483647;
			files = (
				18C0616825FF0C6700C6D656 /* ViewController.swift in Sources */,
				18875EF426030F220008E138 /* CacheManager.swift in Sources */,
				18C0616425FF0C6700C6D656 /* AppDelegate.swift in Sources */,
				18C0617F25FF12D800C6D656 /* Model.swift in Sources */,
				18C0616625FF0C6700C6D656 /* SceneDelegate.swift in Sources */,
				CECE5EC826047BF600BD9C4C /* Constants.swift in Sources */,
				18875EF12602FF620008E138 /* VideoTableViewCell.swift in Sources */,
				184CBCD72604570B00CE0252 /* DetailViewController.swift in Sources */,
				18C0617C25FF11B100C6D656 /* Video.swift in Sources */,
				18BCDFE826006CDB007D7145 /* Response.swift in Sources */,
			);
			runOnlyForDeploymentPostprocessing = 0;
		};
/* End PBXSourcesBuildPhase section */

/* Begin PBXVariantGroup section */
		18C0616925FF0C6700C6D656 /* Main.storyboard */ = {
			isa = PBXVariantGroup;
			children = (
				18C0616A25FF0C6700C6D656 /* Base */,
			);
			name = Main.storyboard;
			sourceTree = "<group>";
		};
		18C0616E25FF0C6A00C6D656 /* LaunchScreen.storyboard */ = {
			isa = PBXVariantGroup;
			children = (
				18C0616F25FF0C6A00C6D656 /* Base */,
			);
			name = LaunchScreen.storyboard;
			sourceTree = "<group>";
		};
/* End PBXVariantGroup section */

/* Begin XCBuildConfiguration section */
		18C0617225FF0C6A00C6D656 /* Debug */ = {
			isa = XCBuildConfiguration;
			buildSettings = {
				ALWAYS_SEARCH_USER_PATHS = NO;
				CLANG_ANALYZER_NONNULL = YES;
				CLANG_ANALYZER_NUMBER_OBJECT_CONVERSION = YES_AGGRESSIVE;
				CLANG_CXX_LANGUAGE_STANDARD = "gnu++14";
				CLANG_CXX_LIBRARY = "libc++";
				CLANG_ENABLE_MODULES = YES;
				CLANG_ENABLE_OBJC_ARC = YES;
				CLANG_ENABLE_OBJC_WEAK = YES;
				CLANG_WARN_BLOCK_CAPTURE_AUTORELEASING = YES;
				CLANG_WARN_BOOL_CONVERSION = YES;
				CLANG_WARN_COMMA = YES;
				CLANG_WARN_CONSTANT_CONVERSION = YES;
				CLANG_WARN_DEPRECATED_OBJC_IMPLEMENTATIONS = YES;
				CLANG_WARN_DIRECT_OBJC_ISA_USAGE = YES_ERROR;
				CLANG_WARN_DOCUMENTATION_COMMENTS = YES;
				CLANG_WARN_EMPTY_BODY = YES;
				CLANG_WARN_ENUM_CONVERSION = YES;
				CLANG_WARN_INFINITE_RECURSION = YES;
				CLANG_WARN_INT_CONVERSION = YES;
				CLANG_WARN_NON_LITERAL_NULL_CONVERSION = YES;
				CLANG_WARN_OBJC_IMPLICIT_RETAIN_SELF = YES;
				CLANG_WARN_OBJC_LITERAL_CONVERSION = YES;
				CLANG_WARN_OBJC_ROOT_CLASS = YES_ERROR;
				CLANG_WARN_QUOTED_INCLUDE_IN_FRAMEWORK_HEADER = YES;
				CLANG_WARN_RANGE_LOOP_ANALYSIS = YES;
				CLANG_WARN_STRICT_PROTOTYPES = YES;
				CLANG_WARN_SUSPICIOUS_MOVE = YES;
				CLANG_WARN_UNGUARDED_AVAILABILITY = YES_AGGRESSIVE;
				CLANG_WARN_UNREACHABLE_CODE = YES;
				CLANG_WARN__DUPLICATE_METHOD_MATCH = YES;
				COPY_PHASE_STRIP = NO;
				DEBUG_INFORMATION_FORMAT = dwarf;
				ENABLE_STRICT_OBJC_MSGSEND = YES;
				ENABLE_TESTABILITY = YES;
				GCC_C_LANGUAGE_STANDARD = gnu11;
				GCC_DYNAMIC_NO_PIC = NO;
				GCC_NO_COMMON_BLOCKS = YES;
				GCC_OPTIMIZATION_LEVEL = 0;
				GCC_PREPROCESSOR_DEFINITIONS = (
					"DEBUG=1",
					"$(inherited)",
				);
				GCC_WARN_64_TO_32_BIT_CONVERSION = YES;
				GCC_WARN_ABOUT_RETURN_TYPE = YES_ERROR;
				GCC_WARN_UNDECLARED_SELECTOR = YES;
				GCC_WARN_UNINITIALIZED_AUTOS = YES_AGGRESSIVE;
				GCC_WARN_UNUSED_FUNCTION = YES;
				GCC_WARN_UNUSED_VARIABLE = YES;
				IPHONEOS_DEPLOYMENT_TARGET = 14.1;
				MTL_ENABLE_DEBUG_INFO = INCLUDE_SOURCE;
				MTL_FAST_MATH = YES;
				ONLY_ACTIVE_ARCH = YES;
				SDKROOT = iphoneos;
				SWIFT_ACTIVE_COMPILATION_CONDITIONS = DEBUG;
				SWIFT_OPTIMIZATION_LEVEL = "-Onone";
			};
			name = Debug;
		};
		18C0617325FF0C6A00C6D656 /* Release */ = {
			isa = XCBuildConfiguration;
			buildSettings = {
				ALWAYS_SEARCH_USER_PATHS = NO;
				CLANG_ANALYZER_NONNULL = YES;
				CLANG_ANALYZER_NUMBER_OBJECT_CONVERSION = YES_AGGRESSIVE;
				CLANG_CXX_LANGUAGE_STANDARD = "gnu++14";
				CLANG_CXX_LIBRARY = "libc++";
				CLANG_ENABLE_MODULES = YES;
				CLANG_ENABLE_OBJC_ARC = YES;
				CLANG_ENABLE_OBJC_WEAK = YES;
				CLANG_WARN_BLOCK_CAPTURE_AUTORELEASING = YES;
				CLANG_WARN_BOOL_CONVERSION = YES;
				CLANG_WARN_COMMA = YES;
				CLANG_WARN_CONSTANT_CONVERSION = YES;
				CLANG_WARN_DEPRECATED_OBJC_IMPLEMENTATIONS = YES;
				CLANG_WARN_DIRECT_OBJC_ISA_USAGE = YES_ERROR;
				CLANG_WARN_DOCUMENTATION_COMMENTS = YES;
				CLANG_WARN_EMPTY_BODY = YES;
				CLANG_WARN_ENUM_CONVERSION = YES;
				CLANG_WARN_INFINITE_RECURSION = YES;
				CLANG_WARN_INT_CONVERSION = YES;
				CLANG_WARN_NON_LITERAL_NULL_CONVERSION = YES;
				CLANG_WARN_OBJC_IMPLICIT_RETAIN_SELF = YES;
				CLANG_WARN_OBJC_LITERAL_CONVERSION = YES;
				CLANG_WARN_OBJC_ROOT_CLASS = YES_ERROR;
				CLANG_WARN_QUOTED_INCLUDE_IN_FRAMEWORK_HEADER = YES;
				CLANG_WARN_RANGE_LOOP_ANALYSIS = YES;
				CLANG_WARN_STRICT_PROTOTYPES = YES;
				CLANG_WARN_SUSPICIOUS_MOVE = YES;
				CLANG_WARN_UNGUARDED_AVAILABILITY = YES_AGGRESSIVE;
				CLANG_WARN_UNREACHABLE_CODE = YES;
				CLANG_WARN__DUPLICATE_METHOD_MATCH = YES;
				COPY_PHASE_STRIP = NO;
				DEBUG_INFORMATION_FORMAT = "dwarf-with-dsym";
				ENABLE_NS_ASSERTIONS = NO;
				ENABLE_STRICT_OBJC_MSGSEND = YES;
				GCC_C_LANGUAGE_STANDARD = gnu11;
				GCC_NO_COMMON_BLOCKS = YES;
				GCC_WARN_64_TO_32_BIT_CONVERSION = YES;
				GCC_WARN_ABOUT_RETURN_TYPE = YES_ERROR;
				GCC_WARN_UNDECLARED_SELECTOR = YES;
				GCC_WARN_UNINITIALIZED_AUTOS = YES_AGGRESSIVE;
				GCC_WARN_UNUSED_FUNCTION = YES;
				GCC_WARN_UNUSED_VARIABLE = YES;
				IPHONEOS_DEPLOYMENT_TARGET = 14.1;
				MTL_ENABLE_DEBUG_INFO = NO;
				MTL_FAST_MATH = YES;
				SDKROOT = iphoneos;
				SWIFT_COMPILATION_MODE = wholemodule;
				SWIFT_OPTIMIZATION_LEVEL = "-O";
				VALIDATE_PRODUCT = YES;
			};
			name = Release;
		};
		18C0617525FF0C6A00C6D656 /* Debug */ = {
			isa = XCBuildConfiguration;
			buildSettings = {
				ASSETCATALOG_COMPILER_APPICON_NAME = AppIcon;
				ASSETCATALOG_COMPILER_GLOBAL_ACCENT_COLOR_NAME = AccentColor;
				CODE_SIGN_STYLE = Automatic;
				DEVELOPMENT_TEAM = H5XP9BLRFU;
				INFOPLIST_FILE = "Youtube Clone/Info.plist";
				LD_RUNPATH_SEARCH_PATHS = (
					"$(inherited)",
					"@executable_path/Frameworks",
				);
				PRODUCT_BUNDLE_IDENTIFIER = "com.Arzu.Youtube-Clone";
				PRODUCT_NAME = "$(TARGET_NAME)";
				SWIFT_VERSION = 5.0;
				TARGETED_DEVICE_FAMILY = "1,2";
			};
			name = Debug;
		};
		18C0617625FF0C6A00C6D656 /* Release */ = {
			isa = XCBuildConfiguration;
			buildSettings = {
				ASSETCATALOG_COMPILER_APPICON_NAME = AppIcon;
				ASSETCATALOG_COMPILER_GLOBAL_ACCENT_COLOR_NAME = AccentColor;
				CODE_SIGN_STYLE = Automatic;
				DEVELOPMENT_TEAM = H5XP9BLRFU;
				INFOPLIST_FILE = "Youtube Clone/Info.plist";
				LD_RUNPATH_SEARCH_PATHS = (
					"$(inherited)",
					"@executable_path/Frameworks",
				);
				PRODUCT_BUNDLE_IDENTIFIER = "com.Arzu.Youtube-Clone";
				PRODUCT_NAME = "$(TARGET_NAME)";
				SWIFT_VERSION = 5.0;
				TARGETED_DEVICE_FAMILY = "1,2";
			};
			name = Release;
		};
/* End XCBuildConfiguration section */

/* Begin XCConfigurationList section */
		18C0615B25FF0C6700C6D656 /* Build configuration list for PBXProject "Youtube Clone" */ = {
			isa = XCConfigurationList;
			buildConfigurations = (
				18C0617225FF0C6A00C6D656 /* Debug */,
				18C0617325FF0C6A00C6D656 /* Release */,
			);
			defaultConfigurationIsVisible = 0;
			defaultConfigurationName = Release;
		};
		18C0617425FF0C6A00C6D656 /* Build configuration list for PBXNativeTarget "Youtube Clone" */ = {
			isa = XCConfigurationList;
			buildConfigurations = (
				18C0617525FF0C6A00C6D656 /* Debug */,
				18C0617625FF0C6A00C6D656 /* Release */,
			);
			defaultConfigurationIsVisible = 0;
			defaultConfigurationName = Release;
		};
/* End XCConfigurationList section */
	};
	rootObject = 18C0615825FF0C6700C6D656 /* Project object */;
}
